{
  "name": "uptimechecker",
  "version": "1.0.0",
  "lockfileVersion": 2,
  "requires": true,
  "packages": {
    "": {
      "name": "uptimechecker",
      "version": "1.0.0",
      "license": "ISC",
      "dependencies": {
        "ping-monitor": "^0.6.2",
        "slack-notify": "^2.0.3"
      }
    },
    "node_modules/ping-monitor": {
      "version": "0.6.2",
      "resolved": "https://registry.npmjs.org/ping-monitor/-/ping-monitor-0.6.2.tgz",
      "integrity": "sha512-t5L72w9DYhlRpeJNuQe/tcupKloLiKZiAJzhVyHkUcQeywOefYoHNW4xQb5BGLhQEyIdxsBdNcf9yedPLx0QFA==",
      "engines": {
        "node": ">=12.x",
        "npm": ">=1.3.x"
      }
    },
    "node_modules/slack-notify": {
      "version": "2.0.3",
      "resolved": "https://registry.npmjs.org/slack-notify/-/slack-notify-2.0.3.tgz",
      "integrity": "sha512-kRbXhgVnUoI93nIMaXprZyBixH3FfsMkybxppPU0r9yQm4RIoAw2E1QG3l15KRAce7S0mGPYYTIZ7rf6IbBAIQ==",
      "engines": {
        "node": ">=13.2.x"
      }
    }
  },
  "dependencies": {
    "ping-monitor": {
      "version": "0.6.2",
      "resolved": "https://registry.npmjs.org/ping-monitor/-/ping-monitor-0.6.2.tgz",
      "integrity": "sha512-t5L72w9DYhlRpeJNuQe/tcupKloLiKZiAJzhVyHkUcQeywOefYoHNW4xQb5BGLhQEyIdxsBdNcf9yedPLx0QFA=="
    },
    "slack-notify": {
      "version": "2.0.3",
      "resolved": "https://registry.npmjs.org/slack-notify/-/slack-notify-2.0.3.tgz",
      "integrity": "sha512-kRbXhgVnUoI93nIMaXprZyBixH3FfsMkybxppPU0r9yQm4RIoAw2E1QG3l15KRAce7S0mGPYYTIZ7rf6IbBAIQ=="
    }
  }
}
